
Microsoft Visual Studio Solution File, Format Version 12.00
# Visual Studio Version 17
VisualStudioVersion = 17.8.34322.80
MinimumVisualStudioVersion = 10.0.40219.1
Project("{9A19103F-16F7-4668-BE54-9A1E7A4F7556}") = "TPHDotNetCore.ConsoleApp", "TPHDotNetCore.ConsoleApp\TPHDotNetCore.ConsoleApp.csproj", "{3646DAA9-132A-41A2-9D00-C3380AE23016}"
EndProject
Project("{2150E333-8FDC-42A3-9474-1A3956D46DE8}") = "Documents", "Documents", "{A66BE335-3DB8-4306-9EDA-B2DF03C6E5B0}"
	ProjectSection(SolutionItems) = preProject
		README.md = README.md
	EndProjectSection
EndProject
Project("{9A19103F-16F7-4668-BE54-9A1E7A4F7556}") = "TPHDotNetCore.RestApi", "TPHDotNetCore.RestApi\TPHDotNetCore.RestApi.csproj", "{2A59D316-A380-4719-AFAD-2C39414ECB21}"
EndProject
Project("{9A19103F-16F7-4668-BE54-9A1E7A4F7556}") = "TPHDotNetCore.Shared", "TPHDotNetCore.Shared\TPHDotNetCore.Shared.csproj", "{926EE4DD-3C60-48DC-B785-7DDFB1436AA0}"
EndProject
Project("{9A19103F-16F7-4668-BE54-9A1E7A4F7556}") = "TPHDotNetCore.RestApiWithNLayer", "TPHDotNetCore.RestApiWithNLayer\TPHDotNetCore.RestApiWithNLayer.csproj", "{5942185C-8978-49FF-9FB9-51BE53339C00}"
EndProject
Project("{9A19103F-16F7-4668-BE54-9A1E7A4F7556}") = "TPHDotNetCore.ConsoleAppHttpClient", "TPHDotNetCore.ConsoleAppHttpClient\TPHDotNetCore.ConsoleAppHttpClient.csproj", "{FF96E141-83F5-4410-A9AC-68BDE38A6AEA}"
EndProject
Project("{9A19103F-16F7-4668-BE54-9A1E7A4F7556}") = "TPHDotNetCore.ConsoleAppHttpClientExamples", "TPHDotNetCore.ConsoleAppHttpClientExamples\TPHDotNetCore.ConsoleAppHttpClientExamples.csproj", "{1AEF05A0-4C8F-422B-BA77-EB8C1A2FD31F}"
EndProject
Project("{9A19103F-16F7-4668-BE54-9A1E7A4F7556}") = "TPHDotNetCore.ConsoleAppRestClientExamples", "TPHDotNetCore.ConsoleAppRestClientExamples\TPHDotNetCore.ConsoleAppRestClientExamples.csproj", "{EA9E4B21-869D-488C-BEF9-71688DD58998}"
EndProject
Project("{9A19103F-16F7-4668-BE54-9A1E7A4F7556}") = "TPHDotNetCore.PizzaApi", "TPHDotNetCore.PizzaApi\TPHDotNetCore.PizzaApi.csproj", "{FB9BDF6A-F1AE-4F53-85C6-EE414919E3D5}"
EndProject
Project("{9A19103F-16F7-4668-BE54-9A1E7A4F7556}") = "TPHDotNetCore.ConsoleAppRefitExamples", "TPHDotNetCore.ConsoleAppRefitExamples\TPHDotNetCore.ConsoleAppRefitExamples.csproj", "{D64077EB-ACFE-44CA-A0CF-6BC8E02BBBA1}"
EndProject
Project("{9A19103F-16F7-4668-BE54-9A1E7A4F7556}") = "TPHDotNetCore.WinFormsApp", "TPHDotNetCore.WinFormsApp\TPHDotNetCore.WinFormsApp.csproj", "{C9003CFB-FF98-4C25-85DA-F96CE5961CFB}"
EndProject
Project("{9A19103F-16F7-4668-BE54-9A1E7A4F7556}") = "TPHDotNetCore.WinFormsAppSqlInjection", "TPHDotNetCore.WinFormsAppSqlInjection\TPHDotNetCore.WinFormsAppSqlInjection.csproj", "{A7C89783-EBCB-496D-A828-5CAFBA0ADB7A}"
EndProject
Project("{9A19103F-16F7-4668-BE54-9A1E7A4F7556}") = "TPHDotNetCore.NLayer.UI", "TPHDotNetCore.NLayer.UI\TPHDotNetCore.NLayer.UI.csproj", "{A86D076F-6354-4C49-874E-E51E5BC16F64}"
EndProject
Project("{9A19103F-16F7-4668-BE54-9A1E7A4F7556}") = "TPHDotNetCore.NLayer.BusinessLogic", "TPHDotNetCore.NLayer.BusinessLogic\TPHDotNetCore.NLayer.BusinessLogic.csproj", "{6F243C1A-59B3-4EDF-9066-26AE5B7E53E3}"
EndProject
Project("{9A19103F-16F7-4668-BE54-9A1E7A4F7556}") = "TPHDotNetCore.NLayer.DataAccess", "TPHDotNetCore.NLayer.DataAccess\TPHDotNetCore.NLayer.DataAccess.csproj", "{839D9043-6E0D-4CA4-B691-31E68142FFFD}"
EndProject
Project("{9A19103F-16F7-4668-BE54-9A1E7A4F7556}") = "TPHDotNetCore.MinimalApi", "TPHDotNetCore.MinimalApi\TPHDotNetCore.MinimalApi.csproj", "{63ADB7F9-0F45-46A9-84ED-48323AE06F97}"
EndProject
Project("{9A19103F-16F7-4668-BE54-9A1E7A4F7556}") = "TPHDotNetCore.MvcApp", "TPHDotNetCore.MvcApp\TPHDotNetCore.MvcApp.csproj", "{B9CF36F9-97A0-4DD2-926D-32CBE37E58C8}"
EndProject
Project("{9A19103F-16F7-4668-BE54-9A1E7A4F7556}") = "TPHDotNetCore.MvcApp2", "TPHDotNetCore.MvcApp2\TPHDotNetCore.MvcApp2.csproj", "{1C622EE1-4874-4E66-9735-245762842EF3}"
EndProject
Project("{9A19103F-16F7-4668-BE54-9A1E7A4F7556}") = "TPHDotNetCore.MvcChartApp", "TPHDotNetCore.MvcChartApp\TPHDotNetCore.MvcChartApp.csproj", "{4D800390-9FE2-4797-8DD1-0DD19129462E}"
EndProject
Project("{FAE04EC0-301F-11D3-BF4B-00C04F79EFBC}") = "TPHDotNetCore.ConsoleAppLogging", "TPHDotNetCore.ConsoleAppLogging\TPHDotNetCore.ConsoleAppLogging.csproj", "{5D01983D-B2A0-4225-913F-AEE8EE85E291}"
EndProject
Global
	GlobalSection(SolutionConfigurationPlatforms) = preSolution
		Debug|Any CPU = Debug|Any CPU
		Release|Any CPU = Release|Any CPU
	EndGlobalSection
	GlobalSection(ProjectConfigurationPlatforms) = postSolution
		{3646DAA9-132A-41A2-9D00-C3380AE23016}.Debug|Any CPU.ActiveCfg = Debug|Any CPU
		{3646DAA9-132A-41A2-9D00-C3380AE23016}.Debug|Any CPU.Build.0 = Debug|Any CPU
		{3646DAA9-132A-41A2-9D00-C3380AE23016}.Release|Any CPU.ActiveCfg = Release|Any CPU
		{3646DAA9-132A-41A2-9D00-C3380AE23016}.Release|Any CPU.Build.0 = Release|Any CPU
		{2A59D316-A380-4719-AFAD-2C39414ECB21}.Debug|Any CPU.ActiveCfg = Debug|Any CPU
		{2A59D316-A380-4719-AFAD-2C39414ECB21}.Debug|Any CPU.Build.0 = Debug|Any CPU
		{2A59D316-A380-4719-AFAD-2C39414ECB21}.Release|Any CPU.ActiveCfg = Release|Any CPU
		{2A59D316-A380-4719-AFAD-2C39414ECB21}.Release|Any CPU.Build.0 = Release|Any CPU
		{926EE4DD-3C60-48DC-B785-7DDFB1436AA0}.Debug|Any CPU.ActiveCfg = Debug|Any CPU
		{926EE4DD-3C60-48DC-B785-7DDFB1436AA0}.Debug|Any CPU.Build.0 = Debug|Any CPU
		{926EE4DD-3C60-48DC-B785-7DDFB1436AA0}.Release|Any CPU.ActiveCfg = Release|Any CPU
		{926EE4DD-3C60-48DC-B785-7DDFB1436AA0}.Release|Any CPU.Build.0 = Release|Any CPU
		{5942185C-8978-49FF-9FB9-51BE53339C00}.Debug|Any CPU.ActiveCfg = Debug|Any CPU
		{5942185C-8978-49FF-9FB9-51BE53339C00}.Debug|Any CPU.Build.0 = Debug|Any CPU
		{5942185C-8978-49FF-9FB9-51BE53339C00}.Release|Any CPU.ActiveCfg = Release|Any CPU
		{5942185C-8978-49FF-9FB9-51BE53339C00}.Release|Any CPU.Build.0 = Release|Any CPU
		{FF96E141-83F5-4410-A9AC-68BDE38A6AEA}.Debug|Any CPU.ActiveCfg = Debug|Any CPU
		{FF96E141-83F5-4410-A9AC-68BDE38A6AEA}.Debug|Any CPU.Build.0 = Debug|Any CPU
		{FF96E141-83F5-4410-A9AC-68BDE38A6AEA}.Release|Any CPU.ActiveCfg = Release|Any CPU
		{FF96E141-83F5-4410-A9AC-68BDE38A6AEA}.Release|Any CPU.Build.0 = Release|Any CPU
		{1AEF05A0-4C8F-422B-BA77-EB8C1A2FD31F}.Debug|Any CPU.ActiveCfg = Debug|Any CPU
		{1AEF05A0-4C8F-422B-BA77-EB8C1A2FD31F}.Debug|Any CPU.Build.0 = Debug|Any CPU
		{1AEF05A0-4C8F-422B-BA77-EB8C1A2FD31F}.Release|Any CPU.ActiveCfg = Release|Any CPU
		{1AEF05A0-4C8F-422B-BA77-EB8C1A2FD31F}.Release|Any CPU.Build.0 = Release|Any CPU
		{EA9E4B21-869D-488C-BEF9-71688DD58998}.Debug|Any CPU.ActiveCfg = Debug|Any CPU
		{EA9E4B21-869D-488C-BEF9-71688DD58998}.Debug|Any CPU.Build.0 = Debug|Any CPU
		{EA9E4B21-869D-488C-BEF9-71688DD58998}.Release|Any CPU.ActiveCfg = Release|Any CPU
		{EA9E4B21-869D-488C-BEF9-71688DD58998}.Release|Any CPU.Build.0 = Release|Any CPU
		{FB9BDF6A-F1AE-4F53-85C6-EE414919E3D5}.Debug|Any CPU.ActiveCfg = Debug|Any CPU
		{FB9BDF6A-F1AE-4F53-85C6-EE414919E3D5}.Debug|Any CPU.Build.0 = Debug|Any CPU
		{FB9BDF6A-F1AE-4F53-85C6-EE414919E3D5}.Release|Any CPU.ActiveCfg = Release|Any CPU
		{FB9BDF6A-F1AE-4F53-85C6-EE414919E3D5}.Release|Any CPU.Build.0 = Release|Any CPU
		{D64077EB-ACFE-44CA-A0CF-6BC8E02BBBA1}.Debug|Any CPU.ActiveCfg = Debug|Any CPU
		{D64077EB-ACFE-44CA-A0CF-6BC8E02BBBA1}.Debug|Any CPU.Build.0 = Debug|Any CPU
		{D64077EB-ACFE-44CA-A0CF-6BC8E02BBBA1}.Release|Any CPU.ActiveCfg = Release|Any CPU
		{D64077EB-ACFE-44CA-A0CF-6BC8E02BBBA1}.Release|Any CPU.Build.0 = Release|Any CPU
		{C9003CFB-FF98-4C25-85DA-F96CE5961CFB}.Debug|Any CPU.ActiveCfg = Debug|Any CPU
		{C9003CFB-FF98-4C25-85DA-F96CE5961CFB}.Debug|Any CPU.Build.0 = Debug|Any CPU
		{C9003CFB-FF98-4C25-85DA-F96CE5961CFB}.Release|Any CPU.ActiveCfg = Release|Any CPU
		{C9003CFB-FF98-4C25-85DA-F96CE5961CFB}.Release|Any CPU.Build.0 = Release|Any CPU
		{A7C89783-EBCB-496D-A828-5CAFBA0ADB7A}.Debug|Any CPU.ActiveCfg = Debug|Any CPU
		{A7C89783-EBCB-496D-A828-5CAFBA0ADB7A}.Debug|Any CPU.Build.0 = Debug|Any CPU
		{A7C89783-EBCB-496D-A828-5CAFBA0ADB7A}.Release|Any CPU.ActiveCfg = Release|Any CPU
		{A7C89783-EBCB-496D-A828-5CAFBA0ADB7A}.Release|Any CPU.Build.0 = Release|Any CPU
		{A86D076F-6354-4C49-874E-E51E5BC16F64}.Debug|Any CPU.ActiveCfg = Debug|Any CPU
		{A86D076F-6354-4C49-874E-E51E5BC16F64}.Debug|Any CPU.Build.0 = Debug|Any CPU
		{A86D076F-6354-4C49-874E-E51E5BC16F64}.Release|Any CPU.ActiveCfg = Release|Any CPU
		{A86D076F-6354-4C49-874E-E51E5BC16F64}.Release|Any CPU.Build.0 = Release|Any CPU
		{6F243C1A-59B3-4EDF-9066-26AE5B7E53E3}.Debug|Any CPU.ActiveCfg = Debug|Any CPU
		{6F243C1A-59B3-4EDF-9066-26AE5B7E53E3}.Debug|Any CPU.Build.0 = Debug|Any CPU
		{6F243C1A-59B3-4EDF-9066-26AE5B7E53E3}.Release|Any CPU.ActiveCfg = Release|Any CPU
		{6F243C1A-59B3-4EDF-9066-26AE5B7E53E3}.Release|Any CPU.Build.0 = Release|Any CPU
		{839D9043-6E0D-4CA4-B691-31E68142FFFD}.Debug|Any CPU.ActiveCfg = Debug|Any CPU
		{839D9043-6E0D-4CA4-B691-31E68142FFFD}.Debug|Any CPU.Build.0 = Debug|Any CPU
		{839D9043-6E0D-4CA4-B691-31E68142FFFD}.Release|Any CPU.ActiveCfg = Release|Any CPU
		{839D9043-6E0D-4CA4-B691-31E68142FFFD}.Release|Any CPU.Build.0 = Release|Any CPU
		{63ADB7F9-0F45-46A9-84ED-48323AE06F97}.Debug|Any CPU.ActiveCfg = Debug|Any CPU
		{63ADB7F9-0F45-46A9-84ED-48323AE06F97}.Debug|Any CPU.Build.0 = Debug|Any CPU
		{63ADB7F9-0F45-46A9-84ED-48323AE06F97}.Release|Any CPU.ActiveCfg = Release|Any CPU
		{63ADB7F9-0F45-46A9-84ED-48323AE06F97}.Release|Any CPU.Build.0 = Release|Any CPU
		{B9CF36F9-97A0-4DD2-926D-32CBE37E58C8}.Debug|Any CPU.ActiveCfg = Debug|Any CPU
		{B9CF36F9-97A0-4DD2-926D-32CBE37E58C8}.Debug|Any CPU.Build.0 = Debug|Any CPU
		{B9CF36F9-97A0-4DD2-926D-32CBE37E58C8}.Release|Any CPU.ActiveCfg = Release|Any CPU
		{B9CF36F9-97A0-4DD2-926D-32CBE37E58C8}.Release|Any CPU.Build.0 = Release|Any CPU
		{1C622EE1-4874-4E66-9735-245762842EF3}.Debug|Any CPU.ActiveCfg = Debug|Any CPU
		{1C622EE1-4874-4E66-9735-245762842EF3}.Debug|Any CPU.Build.0 = Debug|Any CPU
		{1C622EE1-4874-4E66-9735-245762842EF3}.Release|Any CPU.ActiveCfg = Release|Any CPU
		{1C622EE1-4874-4E66-9735-245762842EF3}.Release|Any CPU.Build.0 = Release|Any CPU
		{4D800390-9FE2-4797-8DD1-0DD19129462E}.Debug|Any CPU.ActiveCfg = Debug|Any CPU
		{4D800390-9FE2-4797-8DD1-0DD19129462E}.Debug|Any CPU.Build.0 = Debug|Any CPU
		{4D800390-9FE2-4797-8DD1-0DD19129462E}.Release|Any CPU.ActiveCfg = Release|Any CPU
		{4D800390-9FE2-4797-8DD1-0DD19129462E}.Release|Any CPU.Build.0 = Release|Any CPU
		{5D01983D-B2A0-4225-913F-AEE8EE85E291}.Debug|Any CPU.ActiveCfg = Debug|Any CPU
		{5D01983D-B2A0-4225-913F-AEE8EE85E291}.Debug|Any CPU.Build.0 = Debug|Any CPU
		{5D01983D-B2A0-4225-913F-AEE8EE85E291}.Release|Any CPU.ActiveCfg = Release|Any CPU
		{5D01983D-B2A0-4225-913F-AEE8EE85E291}.Release|Any CPU.Build.0 = Release|Any CPU
	EndGlobalSection
	GlobalSection(SolutionProperties) = preSolution
		HideSolutionNode = FALSE
	EndGlobalSection
	GlobalSection(ExtensibilityGlobals) = postSolution
		SolutionGuid = {C45C521B-DD2F-4417-9536-75FBAE3400A7}
	EndGlobalSection
EndGlobal
